// !$*UTF8*$!
{
	archiveVersion = 1;
	classes = {
	};
	objectVersion = 55;
	objects = {

/* Begin PBXBuildFile section */
		8D1AA70AECC7CFA877C9EF0B /* Pods_iOSShop_iOSShopUITests.framework in Frameworks */ = {isa = PBXBuildFile; fileRef = 397235890DCC25D5E7A47457 /* Pods_iOSShop_iOSShopUITests.framework */; };
		A691257A27327E8100B279EE /* AppDelegate.swift in Sources */ = {isa = PBXBuildFile; fileRef = A691257927327E8100B279EE /* AppDelegate.swift */; };
		A691257C27327E8100B279EE /* SceneDelegate.swift in Sources */ = {isa = PBXBuildFile; fileRef = A691257B27327E8100B279EE /* SceneDelegate.swift */; };
		A691257E27327E8100B279EE /* WellcomeViewController.swift in Sources */ = {isa = PBXBuildFile; fileRef = A691257D27327E8100B279EE /* WellcomeViewController.swift */; };
		A691258127327E8100B279EE /* Main.storyboard in Resources */ = {isa = PBXBuildFile; fileRef = A691257F27327E8100B279EE /* Main.storyboard */; };
		A691258327327E8200B279EE /* Assets.xcassets in Resources */ = {isa = PBXBuildFile; fileRef = A691258227327E8200B279EE /* Assets.xcassets */; };
		A691258627327E8200B279EE /* LaunchScreen.storyboard in Resources */ = {isa = PBXBuildFile; fileRef = A691258427327E8200B279EE /* LaunchScreen.storyboard */; };
		A691259127327E8300B279EE /* iOSShopTests.swift in Sources */ = {isa = PBXBuildFile; fileRef = A691259027327E8300B279EE /* iOSShopTests.swift */; };
		A691259B27327E8300B279EE /* iOSShopUITests.swift in Sources */ = {isa = PBXBuildFile; fileRef = A691259A27327E8300B279EE /* iOSShopUITests.swift */; };
		A691259D27327E8300B279EE /* iOSShopUITestsLaunchTests.swift in Sources */ = {isa = PBXBuildFile; fileRef = A691259C27327E8300B279EE /* iOSShopUITestsLaunchTests.swift */; };
		A69125AE2732811B00B279EE /* ShopTableViewController.swift in Sources */ = {isa = PBXBuildFile; fileRef = A69125AD2732811B00B279EE /* ShopTableViewController.swift */; };
		A69125B02732812800B279EE /* Shop.swift in Sources */ = {isa = PBXBuildFile; fileRef = A69125AF2732812800B279EE /* Shop.swift */; };
		A69125B22732813F00B279EE /* ShopTableViewCell.swift in Sources */ = {isa = PBXBuildFile; fileRef = A69125B12732813F00B279EE /* ShopTableViewCell.swift */; };
		C18079BF5E5582D2D91DE85E /* Pods_iOSShopTests.framework in Frameworks */ = {isa = PBXBuildFile; fileRef = 64EDEFA180883E1F302A343B /* Pods_iOSShopTests.framework */; };
/* End PBXBuildFile section */

/* Begin PBXContainerItemProxy section */
		A691258D27327E8300B279EE /* PBXContainerItemProxy */ = {
			isa = PBXContainerItemProxy;
			containerPortal = A691256E27327E8100B279EE /* Project object */;
			proxyType = 1;
			remoteGlobalIDString = A691257527327E8100B279EE;
			remoteInfo = iOSShop;
		};
		A691259727327E8300B279EE /* PBXContainerItemProxy */ = {
			isa = PBXContainerItemProxy;
			containerPortal = A691256E27327E8100B279EE /* Project object */;
			proxyType = 1;
			remoteGlobalIDString = A691257527327E8100B279EE;
			remoteInfo = iOSShop;
		};
/* End PBXContainerItemProxy section */

/* Begin PBXFileReference section */
		222F183391584BF857C89B14 /* Pods-iOSShop.release.xcconfig */ = {isa = PBXFileReference; includeInIndex = 1; lastKnownFileType = text.xcconfig; name = "Pods-iOSShop.release.xcconfig"; path = "Target Support Files/Pods-iOSShop/Pods-iOSShop.release.xcconfig"; sourceTree = "<group>"; };
		397235890DCC25D5E7A47457 /* Pods_iOSShop_iOSShopUITests.framework */ = {isa = PBXFileReference; explicitFileType = wrapper.framework; includeInIndex = 0; path = Pods_iOSShop_iOSShopUITests.framework; sourceTree = BUILT_PRODUCTS_DIR; };
		4D1DD2044EC36F0576340929 /* Pods-iOSShopTests.release.xcconfig */ = {isa = PBXFileReference; includeInIndex = 1; lastKnownFileType = text.xcconfig; name = "Pods-iOSShopTests.release.xcconfig"; path = "Target Support Files/Pods-iOSShopTests/Pods-iOSShopTests.release.xcconfig"; sourceTree = "<group>"; };
		53FA4C626F400911EC210F13 /* Pods-iOSShop-iOSShopUITests.release.xcconfig */ = {isa = PBXFileReference; includeInIndex = 1; lastKnownFileType = text.xcconfig; name = "Pods-iOSShop-iOSShopUITests.release.xcconfig"; path = "Target Support Files/Pods-iOSShop-iOSShopUITests/Pods-iOSShop-iOSShopUITests.release.xcconfig"; sourceTree = "<group>"; };
		64EDEFA180883E1F302A343B /* Pods_iOSShopTests.framework */ = {isa = PBXFileReference; explicitFileType = wrapper.framework; includeInIndex = 0; path = Pods_iOSShopTests.framework; sourceTree = BUILT_PRODUCTS_DIR; };
		6DDAEC62CEC459E9734F26D5 /* Pods-iOSShop-iOSShopUITests.debug.xcconfig */ = {isa = PBXFileReference; includeInIndex = 1; lastKnownFileType = text.xcconfig; name = "Pods-iOSShop-iOSShopUITests.debug.xcconfig"; path = "Target Support Files/Pods-iOSShop-iOSShopUITests/Pods-iOSShop-iOSShopUITests.debug.xcconfig"; sourceTree = "<group>"; };
		8AFC3975B498F753ACC30407 /* Pods-iOSShop.debug.xcconfig */ = {isa = PBXFileReference; includeInIndex = 1; lastKnownFileType = text.xcconfig; name = "Pods-iOSShop.debug.xcconfig"; path = "Target Support Files/Pods-iOSShop/Pods-iOSShop.debug.xcconfig"; sourceTree = "<group>"; };
		A691257627327E8100B279EE /* iOSShop.app */ = {isa = PBXFileReference; explicitFileType = wrapper.application; includeInIndex = 0; path = iOSShop.app; sourceTree = BUILT_PRODUCTS_DIR; };
		A691257927327E8100B279EE /* AppDelegate.swift */ = {isa = PBXFileReference; lastKnownFileType = sourcecode.swift; path = AppDelegate.swift; sourceTree = "<group>"; };
		A691257B27327E8100B279EE /* SceneDelegate.swift */ = {isa = PBXFileReference; lastKnownFileType = sourcecode.swift; path = SceneDelegate.swift; sourceTree = "<group>"; };
		A691257D27327E8100B279EE /* WellcomeViewController.swift */ = {isa = PBXFileReference; lastKnownFileType = sourcecode.swift; path = WellcomeViewController.swift; sourceTree = "<group>"; };
		A691258027327E8100B279EE /* Base */ = {isa = PBXFileReference; lastKnownFileType = file.storyboard; name = Base; path = Base.lproj/Main.storyboard; sourceTree = "<group>"; };
		A691258227327E8200B279EE /* Assets.xcassets */ = {isa = PBXFileReference; lastKnownFileType = folder.assetcatalog; path = Assets.xcassets; sourceTree = "<group>"; };
		A691258527327E8200B279EE /* Base */ = {isa = PBXFileReference; lastKnownFileType = file.storyboard; name = Base; path = Base.lproj/LaunchScreen.storyboard; sourceTree = "<group>"; };
		A691258727327E8200B279EE /* Info.plist */ = {isa = PBXFileReference; lastKnownFileType = text.plist.xml; path = Info.plist; sourceTree = "<group>"; };
		A691258C27327E8300B279EE /* iOSShopTests.xctest */ = {isa = PBXFileReference; explicitFileType = wrapper.cfbundle; includeInIndex = 0; path = iOSShopTests.xctest; sourceTree = BUILT_PRODUCTS_DIR; };
		A691259027327E8300B279EE /* iOSShopTests.swift */ = {isa = PBXFileReference; lastKnownFileType = sourcecode.swift; path = iOSShopTests.swift; sourceTree = "<group>"; };
		A691259627327E8300B279EE /* iOSShopUITests.xctest */ = {isa = PBXFileReference; explicitFileType = wrapper.cfbundle; includeInIndex = 0; path = iOSShopUITests.xctest; sourceTree = BUILT_PRODUCTS_DIR; };
		A691259A27327E8300B279EE /* iOSShopUITests.swift */ = {isa = PBXFileReference; lastKnownFileType = sourcecode.swift; path = iOSShopUITests.swift; sourceTree = "<group>"; };
		A691259C27327E8300B279EE /* iOSShopUITestsLaunchTests.swift */ = {isa = PBXFileReference; lastKnownFileType = sourcecode.swift; path = iOSShopUITestsLaunchTests.swift; sourceTree = "<group>"; };
		A69125AD2732811B00B279EE /* ShopTableViewController.swift */ = {isa = PBXFileReference; lastKnownFileType = sourcecode.swift; path = ShopTableViewController.swift; sourceTree = "<group>"; };
		A69125AF2732812800B279EE /* Shop.swift */ = {isa = PBXFileReference; lastKnownFileType = sourcecode.swift; path = Shop.swift; sourceTree = "<group>"; };
		A69125B12732813F00B279EE /* ShopTableViewCell.swift */ = {isa = PBXFileReference; lastKnownFileType = sourcecode.swift; path = ShopTableViewCell.swift; sourceTree = "<group>"; };
		ADD9CB87F5BA5AA52214A85F /* Pods_iOSShop.framework */ = {isa = PBXFileReference; explicitFileType = wrapper.framework; includeInIndex = 0; path = Pods_iOSShop.framework; sourceTree = BUILT_PRODUCTS_DIR; };
		C63E228184752DE2A3BFFC0C /* Pods-iOSShopTests.debug.xcconfig */ = {isa = PBXFileReference; includeInIndex = 1; lastKnownFileType = text.xcconfig; name = "Pods-iOSShopTests.debug.xcconfig"; path = "Target Support Files/Pods-iOSShopTests/Pods-iOSShopTests.debug.xcconfig"; sourceTree = "<group>"; };
/* End PBXFileReference section */

/* Begin PBXFrameworksBuildPhase section */
		A691257327327E8100B279EE /* Frameworks */ = {
			isa = PBXFrameworksBuildPhase;
			buildActionMask = 2147483647;
			files = (
			);
			runOnlyForDeploymentPostprocessing = 0;
		};
		A691258927327E8300B279EE /* Frameworks */ = {
			isa = PBXFrameworksBuildPhase;
			buildActionMask = 2147483647;
			files = (
				C18079BF5E5582D2D91DE85E /* Pods_iOSShopTests.framework in Frameworks */,
			);
			runOnlyForDeploymentPostprocessing = 0;
		};
		A691259327327E8300B279EE /* Frameworks */ = {
			isa = PBXFrameworksBuildPhase;
			buildActionMask = 2147483647;
			files = (
				8D1AA70AECC7CFA877C9EF0B /* Pods_iOSShop_iOSShopUITests.framework in Frameworks */,
			);
			runOnlyForDeploymentPostprocessing = 0;
		};
/* End PBXFrameworksBuildPhase section */

/* Begin PBXGroup section */
		25A96438B86B40A9DE5A77F6 /* Pods */ = {
			isa = PBXGroup;
			children = (
				8AFC3975B498F753ACC30407 /* Pods-iOSShop.debug.xcconfig */,
				222F183391584BF857C89B14 /* Pods-iOSShop.release.xcconfig */,
				6DDAEC62CEC459E9734F26D5 /* Pods-iOSShop-iOSShopUITests.debug.xcconfig */,
				53FA4C626F400911EC210F13 /* Pods-iOSShop-iOSShopUITests.release.xcconfig */,
				C63E228184752DE2A3BFFC0C /* Pods-iOSShopTests.debug.xcconfig */,
				4D1DD2044EC36F0576340929 /* Pods-iOSShopTests.release.xcconfig */,
			);
			path = Pods;
			sourceTree = "<group>";
		};
		A691256D27327E8100B279EE = {
			isa = PBXGroup;
			children = (
				A691257827327E8100B279EE /* iOSShop */,
				A691258F27327E8300B279EE /* iOSShopTests */,
				A691259927327E8300B279EE /* iOSShopUITests */,
				A691257727327E8100B279EE /* Products */,
				25A96438B86B40A9DE5A77F6 /* Pods */,
				BF7D20033DE408775717133B /* Frameworks */,
			);
			sourceTree = "<group>";
		};
		A691257727327E8100B279EE /* Products */ = {
			isa = PBXGroup;
			children = (
				A691257627327E8100B279EE /* iOSShop.app */,
				A691258C27327E8300B279EE /* iOSShopTests.xctest */,
				A691259627327E8300B279EE /* iOSShopUITests.xctest */,
			);
			name = Products;
			sourceTree = "<group>";
		};
		A691257827327E8100B279EE /* iOSShop */ = {
			isa = PBXGroup;
			children = (
				A69125AC27327F3600B279EE /* Supporting Files */,
				A69125AB27327F2F00B279EE /* View */,
				A69125AA27327F2700B279EE /* Model */,
				A69125A927327F1F00B279EE /* Controllers */,
				A691257F27327E8100B279EE /* Main.storyboard */,
				A691258427327E8200B279EE /* LaunchScreen.storyboard */,
				A691258727327E8200B279EE /* Info.plist */,
			);
			path = iOSShop;
			sourceTree = "<group>";
		};
		A691258F27327E8300B279EE /* iOSShopTests */ = {
			isa = PBXGroup;
			children = (
				A691259027327E8300B279EE /* iOSShopTests.swift */,
			);
			path = iOSShopTests;
			sourceTree = "<group>";
		};
		A691259927327E8300B279EE /* iOSShopUITests */ = {
			isa = PBXGroup;
			children = (
				A691259A27327E8300B279EE /* iOSShopUITests.swift */,
				A691259C27327E8300B279EE /* iOSShopUITestsLaunchTests.swift */,
			);
			path = iOSShopUITests;
			sourceTree = "<group>";
		};
		A69125A927327F1F00B279EE /* Controllers */ = {
			isa = PBXGroup;
			children = (
				A691257D27327E8100B279EE /* WellcomeViewController.swift */,
				A69125AD2732811B00B279EE /* ShopTableViewController.swift */,
			);
			path = Controllers;
			sourceTree = "<group>";
		};
		A69125AA27327F2700B279EE /* Model */ = {
			isa = PBXGroup;
			children = (
				A69125AF2732812800B279EE /* Shop.swift */,
			);
			path = Model;
			sourceTree = "<group>";
		};
		A69125AB27327F2F00B279EE /* View */ = {
			isa = PBXGroup;
			children = (
				A69125B12732813F00B279EE /* ShopTableViewCell.swift */,
			);
			path = View;
			sourceTree = "<group>";
		};
		A69125AC27327F3600B279EE /* Supporting Files */ = {
			isa = PBXGroup;
			children = (
				A691258227327E8200B279EE /* Assets.xcassets */,
				A691257B27327E8100B279EE /* SceneDelegate.swift */,
				A691257927327E8100B279EE /* AppDelegate.swift */,
			);
			path = "Supporting Files";
			sourceTree = "<group>";
		};
		BF7D20033DE408775717133B /* Frameworks */ = {
			isa = PBXGroup;
			children = (
				ADD9CB87F5BA5AA52214A85F /* Pods_iOSShop.framework */,
				397235890DCC25D5E7A47457 /* Pods_iOSShop_iOSShopUITests.framework */,
				64EDEFA180883E1F302A343B /* Pods_iOSShopTests.framework */,
			);
			name = Frameworks;
			sourceTree = "<group>";
		};
/* End PBXGroup section */

/* Begin PBXNativeTarget section */
		A691257527327E8100B279EE /* iOSShop */ = {
			isa = PBXNativeTarget;
			buildConfigurationList = A69125A027327E8300B279EE /* Build configuration list for PBXNativeTarget "iOSShop" */;
			buildPhases = (
				37E41280C12EDFF22A73C176 /* [CP] Check Pods Manifest.lock */,
				A691257227327E8100B279EE /* Sources */,
				A691257327327E8100B279EE /* Frameworks */,
				A691257427327E8100B279EE /* Resources */,
				A69125B32732C6D800B279EE /* ShellScript */,
			);
			buildRules = (
			);
			dependencies = (
			);
			name = iOSShop;
			productName = iOSShop;
			productReference = A691257627327E8100B279EE /* iOSShop.app */;
			productType = "com.apple.product-type.application";
		};
		A691258B27327E8300B279EE /* iOSShopTests */ = {
			isa = PBXNativeTarget;
			buildConfigurationList = A69125A327327E8300B279EE /* Build configuration list for PBXNativeTarget "iOSShopTests" */;
			buildPhases = (
				A97D339201A3F233B8F44AF9 /* [CP] Check Pods Manifest.lock */,
				A691258827327E8300B279EE /* Sources */,
				A691258927327E8300B279EE /* Frameworks */,
				A691258A27327E8300B279EE /* Resources */,
			);
			buildRules = (
			);
			dependencies = (
				A691258E27327E8300B279EE /* PBXTargetDependency */,
			);
			name = iOSShopTests;
			productName = iOSShopTests;
			productReference = A691258C27327E8300B279EE /* iOSShopTests.xctest */;
			productType = "com.apple.product-type.bundle.unit-test";
		};
		A691259527327E8300B279EE /* iOSShopUITests */ = {
			isa = PBXNativeTarget;
			buildConfigurationList = A69125A627327E8300B279EE /* Build configuration list for PBXNativeTarget "iOSShopUITests" */;
			buildPhases = (
				02B1AE8769F85AD0F662B214 /* [CP] Check Pods Manifest.lock */,
				A691259227327E8300B279EE /* Sources */,
				A691259327327E8300B279EE /* Frameworks */,
				A691259427327E8300B279EE /* Resources */,
			);
			buildRules = (
			);
			dependencies = (
				A691259827327E8300B279EE /* PBXTargetDependency */,
			);
			name = iOSShopUITests;
			productName = iOSShopUITests;
			productReference = A691259627327E8300B279EE /* iOSShopUITests.xctest */;
			productType = "com.apple.product-type.bundle.ui-testing";
		};
/* End PBXNativeTarget section */

/* Begin PBXProject section */
		A691256E27327E8100B279EE /* Project object */ = {
			isa = PBXProject;
			attributes = {
				BuildIndependentTargetsInParallel = 1;
				LastSwiftUpdateCheck = 1310;
				LastUpgradeCheck = 1310;
				TargetAttributes = {
					A691257527327E8100B279EE = {
						CreatedOnToolsVersion = 13.1;
					};
					A691258B27327E8300B279EE = {
						CreatedOnToolsVersion = 13.1;
						TestTargetID = A691257527327E8100B279EE;
					};
					A691259527327E8300B279EE = {
						CreatedOnToolsVersion = 13.1;
						TestTargetID = A691257527327E8100B279EE;
					};
				};
			};
			buildConfigurationList = A691257127327E8100B279EE /* Build configuration list for PBXProject "iOSShop" */;
			compatibilityVersion = "Xcode 13.0";
			developmentRegion = en;
			hasScannedForEncodings = 0;
			knownRegions = (
				en,
				Base,
			);
			mainGroup = A691256D27327E8100B279EE;
			productRefGroup = A691257727327E8100B279EE /* Products */;
			projectDirPath = "";
			projectRoot = "";
			targets = (
				A691257527327E8100B279EE /* iOSShop */,
				A691258B27327E8300B279EE /* iOSShopTests */,
				A691259527327E8300B279EE /* iOSShopUITests */,
			);
		};
/* End PBXProject section */

/* Begin PBXResourcesBuildPhase section */
		A691257427327E8100B279EE /* Resources */ = {
			isa = PBXResourcesBuildPhase;
			buildActionMask = 2147483647;
			files = (
				A691258627327E8200B279EE /* LaunchScreen.storyboard in Resources */,
				A691258327327E8200B279EE /* Assets.xcassets in Resources */,
				A691258127327E8100B279EE /* Main.storyboard in Resources */,
			);
			runOnlyForDeploymentPostprocessing = 0;
		};
		A691258A27327E8300B279EE /* Resources */ = {
			isa = PBXResourcesBuildPhase;
			buildActionMask = 2147483647;
			files = (
			);
			runOnlyForDeploymentPostprocessing = 0;
		};
		A691259427327E8300B279EE /* Resources */ = {
			isa = PBXResourcesBuildPhase;
			buildActionMask = 2147483647;
			files = (
			);
			runOnlyForDeploymentPostprocessing = 0;
		};
/* End PBXResourcesBuildPhase section */

/* Begin PBXShellScriptBuildPhase section */
		02B1AE8769F85AD0F662B214 /* [CP] Check Pods Manifest.lock */ = {
			isa = PBXShellScriptBuildPhase;
			buildActionMask = 2147483647;
			files = (
			);
			inputFileListPaths = (
			);
			inputPaths = (
				"${PODS_PODFILE_DIR_PATH}/Podfile.lock",
				"${PODS_ROOT}/Manifest.lock",
			);
			name = "[CP] Check Pods Manifest.lock";
			outputFileListPaths = (
			);
			outputPaths = (
				"$(DERIVED_FILE_DIR)/Pods-iOSShop-iOSShopUITests-checkManifestLockResult.txt",
			);
			runOnlyForDeploymentPostprocessing = 0;
			shellPath = /bin/sh;
			shellScript = "diff \"${PODS_PODFILE_DIR_PATH}/Podfile.lock\" \"${PODS_ROOT}/Manifest.lock\" > /dev/null\nif [ $? != 0 ] ; then\n    # print error to STDERR\n    echo \"error: The sandbox is not in sync with the Podfile.lock. Run 'pod install' or update your CocoaPods installation.\" >&2\n    exit 1\nfi\n# This output is used by Xcode 'outputs' to avoid re-running this script phase.\necho \"SUCCESS\" > \"${SCRIPT_OUTPUT_FILE_0}\"\n";
			showEnvVarsInLog = 0;
		};
		37E41280C12EDFF22A73C176 /* [CP] Check Pods Manifest.lock */ = {
			isa = PBXShellScriptBuildPhase;
			buildActionMask = 2147483647;
			files = (
			);
			inputFileListPaths = (
			);
			inputPaths = (
				"${PODS_PODFILE_DIR_PATH}/Podfile.lock",
				"${PODS_ROOT}/Manifest.lock",
			);
			name = "[CP] Check Pods Manifest.lock";
			outputFileListPaths = (
			);
			outputPaths = (
				"$(DERIVED_FILE_DIR)/Pods-iOSShop-checkManifestLockResult.txt",
			);
			runOnlyForDeploymentPostprocessing = 0;
			shellPath = /bin/sh;
			shellScript = "diff \"${PODS_PODFILE_DIR_PATH}/Podfile.lock\" \"${PODS_ROOT}/Manifest.lock\" > /dev/null\nif [ $? != 0 ] ; then\n    # print error to STDERR\n    echo \"error: The sandbox is not in sync with the Podfile.lock. Run 'pod install' or update your CocoaPods installation.\" >&2\n    exit 1\nfi\n# This output is used by Xcode 'outputs' to avoid re-running this script phase.\necho \"SUCCESS\" > \"${SCRIPT_OUTPUT_FILE_0}\"\n";
			showEnvVarsInLog = 0;
		};
		A69125B32732C6D800B279EE /* ShellScript */ = {
			isa = PBXShellScriptBuildPhase;
			buildActionMask = 2147483647;
			files = (
			);
			inputFileListPaths = (
			);
			inputPaths = (
			);
			outputFileListPaths = (
			);
			outputPaths = (
			);
			runOnlyForDeploymentPostprocessing = 0;
			shellPath = /bin/sh;
			shellScript = "# Type a script or drag a script file from your workspace to insert its path.\nif which swiftlint >/dev/null; then\n  swiftlint\nelse\n  echo \"warning: SwiftLint not installed, download from https://github.com/realm/SwiftLint\"\nfi\n";
		};
		A97D339201A3F233B8F44AF9 /* [CP] Check Pods Manifest.lock */ = {
			isa = PBXShellScriptBuildPhase;
			buildActionMask = 2147483647;
			files = (
			);
			inputFileListPaths = (
			);
			inputPaths = (
				"${PODS_PODFILE_DIR_PATH}/Podfile.lock",
				"${PODS_ROOT}/Manifest.lock",
			);
			name = "[CP] Check Pods Manifest.lock";
			outputFileListPaths = (
			);
			outputPaths = (
				"$(DERIVED_FILE_DIR)/Pods-iOSShopTests-checkManifestLockResult.txt",
			);
			runOnlyForDeploymentPostprocessing = 0;
			shellPath = /bin/sh;
			shellScript = "diff \"${PODS_PODFILE_DIR_PATH}/Podfile.lock\" \"${PODS_ROOT}/Manifest.lock\" > /dev/null\nif [ $? != 0 ] ; then\n    # print error to STDERR\n    echo \"error: The sandbox is not in sync with the Podfile.lock. Run 'pod install' or update your CocoaPods installation.\" >&2\n    exit 1\nfi\n# This output is used by Xcode 'outputs' to avoid re-running this script phase.\necho \"SUCCESS\" > \"${SCRIPT_OUTPUT_FILE_0}\"\n";
			showEnvVarsInLog = 0;
		};
/* End PBXShellScriptBuildPhase section */

/* Begin PBXSourcesBuildPhase section */
		A691257227327E8100B279EE /* Sources */ = {
			isa = PBXSourcesBuildPhase;
			buildActionMask = 2147483647;
			files = (
				A691257E27327E8100B279EE /* WellcomeViewController.swift in Sources */,
				A69125AE2732811B00B279EE /* ShopTableViewController.swift in Sources */,
				A691257A27327E8100B279EE /* AppDelegate.swift in Sources */,
				A69125B22732813F00B279EE /* ShopTableViewCell.swift in Sources */,
				A69125B02732812800B279EE /* Shop.swift in Sources */,
				A691257C27327E8100B279EE /* SceneDelegate.swift in Sources */,
			);
			runOnlyForDeploymentPostprocessing = 0;
		};
		A691258827327E8300B279EE /* Sources */ = {
			isa = PBXSourcesBuildPhase;
			buildActionMask = 2147483647;
			files = (
				A691259127327E8300B279EE /* iOSShopTests.swift in Sources */,
			);
			runOnlyForDeploymentPostprocessing = 0;
		};
		A691259227327E8300B279EE /* Sources */ = {
			isa = PBXSourcesBuildPhase;
			buildActionMask = 2147483647;
			files = (
				A691259D27327E8300B279EE /* iOSShopUITestsLaunchTests.swift in Sources */,
				A691259B27327E8300B279EE /* iOSShopUITests.swift in Sources */,
			);
			runOnlyForDeploymentPostprocessing = 0;
		};
/* End PBXSourcesBuildPhase section */

/* Begin PBXTargetDependency section */
		A691258E27327E8300B279EE /* PBXTargetDependency */ = {
			isa = PBXTargetDependency;
			target = A691257527327E8100B279EE /* iOSShop */;
			targetProxy = A691258D27327E8300B279EE /* PBXContainerItemProxy */;
		};
		A691259827327E8300B279EE /* PBXTargetDependency */ = {
			isa = PBXTargetDependency;
			target = A691257527327E8100B279EE /* iOSShop */;
			targetProxy = A691259727327E8300B279EE /* PBXContainerItemProxy */;
		};
/* End PBXTargetDependency section */

/* Begin PBXVariantGroup section */
		A691257F27327E8100B279EE /* Main.storyboard */ = {
			isa = PBXVariantGroup;
			children = (
				A691258027327E8100B279EE /* Base */,
			);
			name = Main.storyboard;
			sourceTree = "<group>";
		};
		A691258427327E8200B279EE /* LaunchScreen.storyboard */ = {
			isa = PBXVariantGroup;
			children = (
				A691258527327E8200B279EE /* Base */,
			);
			name = LaunchScreen.storyboard;
			sourceTree = "<group>";
		};
/* End PBXVariantGroup section */

/* Begin XCBuildConfiguration section */
		A691259E27327E8300B279EE /* Debug */ = {
			isa = XCBuildConfiguration;
			buildSettings = {
				ALWAYS_SEARCH_USER_PATHS = NO;
				CLANG_ANALYZER_NONNULL = YES;
				CLANG_ANALYZER_NUMBER_OBJECT_CONVERSION = YES_AGGRESSIVE;
				CLANG_CXX_LANGUAGE_STANDARD = "gnu++17";
				CLANG_CXX_LIBRARY = "libc++";
				CLANG_ENABLE_MODULES = YES;
				CLANG_ENABLE_OBJC_ARC = YES;
				CLANG_ENABLE_OBJC_WEAK = YES;
				CLANG_WARN_BLOCK_CAPTURE_AUTORELEASING = YES;
				CLANG_WARN_BOOL_CONVERSION = YES;
				CLANG_WARN_COMMA = YES;
				CLANG_WARN_CONSTANT_CONVERSION = YES;
				CLANG_WARN_DEPRECATED_OBJC_IMPLEMENTATIONS = YES;
				CLANG_WARN_DIRECT_OBJC_ISA_USAGE = YES_ERROR;
				CLANG_WARN_DOCUMENTATION_COMMENTS = YES;
				CLANG_WARN_EMPTY_BODY = YES;
				CLANG_WARN_ENUM_CONVERSION = YES;
				CLANG_WARN_INFINITE_RECURSION = YES;
				CLANG_WARN_INT_CONVERSION = YES;
				CLANG_WARN_NON_LITERAL_NULL_CONVERSION = YES;
				CLANG_WARN_OBJC_IMPLICIT_RETAIN_SELF = YES;
				CLANG_WARN_OBJC_LITERAL_CONVERSION = YES;
				CLANG_WARN_OBJC_ROOT_CLASS = YES_ERROR;
				CLANG_WARN_QUOTED_INCLUDE_IN_FRAMEWORK_HEADER = YES;
				CLANG_WARN_RANGE_LOOP_ANALYSIS = YES;
				CLANG_WARN_STRICT_PROTOTYPES = YES;
				CLANG_WARN_SUSPICIOUS_MOVE = YES;
				CLANG_WARN_UNGUARDED_AVAILABILITY = YES_AGGRESSIVE;
				CLANG_WARN_UNREACHABLE_CODE = YES;
				CLANG_WARN__DUPLICATE_METHOD_MATCH = YES;
				COPY_PHASE_STRIP = NO;
				DEBUG_INFORMATION_FORMAT = dwarf;
				ENABLE_STRICT_OBJC_MSGSEND = YES;
				ENABLE_TESTABILITY = YES;
				GCC_C_LANGUAGE_STANDARD = gnu11;
				GCC_DYNAMIC_NO_PIC = NO;
				GCC_NO_COMMON_BLOCKS = YES;
				GCC_OPTIMIZATION_LEVEL = 0;
				GCC_PREPROCESSOR_DEFINITIONS = (
					"DEBUG=1",
					"$(inherited)",
				);
				GCC_WARN_64_TO_32_BIT_CONVERSION = YES;
				GCC_WARN_ABOUT_RETURN_TYPE = YES_ERROR;
				GCC_WARN_UNDECLARED_SELECTOR = YES;
				GCC_WARN_UNINITIALIZED_AUTOS = YES_AGGRESSIVE;
				GCC_WARN_UNUSED_FUNCTION = YES;
				GCC_WARN_UNUSED_VARIABLE = YES;
				IPHONEOS_DEPLOYMENT_TARGET = 15.0;
				MTL_ENABLE_DEBUG_INFO = INCLUDE_SOURCE;
				MTL_FAST_MATH = YES;
				ONLY_ACTIVE_ARCH = YES;
				SDKROOT = iphoneos;
				SWIFT_ACTIVE_COMPILATION_CONDITIONS = DEBUG;
				SWIFT_OPTIMIZATION_LEVEL = "-Onone";
			};
			name = Debug;
		};
		A691259F27327E8300B279EE /* Release */ = {
			isa = XCBuildConfiguration;
			buildSettings = {
				ALWAYS_SEARCH_USER_PATHS = NO;
				CLANG_ANALYZER_NONNULL = YES;
				CLANG_ANALYZER_NUMBER_OBJECT_CONVERSION = YES_AGGRESSIVE;
				CLANG_CXX_LANGUAGE_STANDARD = "gnu++17";
				CLANG_CXX_LIBRARY = "libc++";
				CLANG_ENABLE_MODULES = YES;
				CLANG_ENABLE_OBJC_ARC = YES;
				CLANG_ENABLE_OBJC_WEAK = YES;
				CLANG_WARN_BLOCK_CAPTURE_AUTORELEASING = YES;
				CLANG_WARN_BOOL_CONVERSION = YES;
				CLANG_WARN_COMMA = YES;
				CLANG_WARN_CONSTANT_CONVERSION = YES;
				CLANG_WARN_DEPRECATED_OBJC_IMPLEMENTATIONS = YES;
				CLANG_WARN_DIRECT_OBJC_ISA_USAGE = YES_ERROR;
				CLANG_WARN_DOCUMENTATION_COMMENTS = YES;
				CLANG_WARN_EMPTY_BODY = YES;
				CLANG_WARN_ENUM_CONVERSION = YES;
				CLANG_WARN_INFINITE_RECURSION = YES;
				CLANG_WARN_INT_CONVERSION = YES;
				CLANG_WARN_NON_LITERAL_NULL_CONVERSION = YES;
				CLANG_WARN_OBJC_IMPLICIT_RETAIN_SELF = YES;
				CLANG_WARN_OBJC_LITERAL_CONVERSION = YES;
				CLANG_WARN_OBJC_ROOT_CLASS = YES_ERROR;
				CLANG_WARN_QUOTED_INCLUDE_IN_FRAMEWORK_HEADER = YES;
				CLANG_WARN_RANGE_LOOP_ANALYSIS = YES;
				CLANG_WARN_STRICT_PROTOTYPES = YES;
				CLANG_WARN_SUSPICIOUS_MOVE = YES;
				CLANG_WARN_UNGUARDED_AVAILABILITY = YES_AGGRESSIVE;
				CLANG_WARN_UNREACHABLE_CODE = YES;
				CLANG_WARN__DUPLICATE_METHOD_MATCH = YES;
				COPY_PHASE_STRIP = NO;
				DEBUG_INFORMATION_FORMAT = "dwarf-with-dsym";
				ENABLE_NS_ASSERTIONS = NO;
				ENABLE_STRICT_OBJC_MSGSEND = YES;
				GCC_C_LANGUAGE_STANDARD = gnu11;
				GCC_NO_COMMON_BLOCKS = YES;
				GCC_WARN_64_TO_32_BIT_CONVERSION = YES;
				GCC_WARN_ABOUT_RETURN_TYPE = YES_ERROR;
				GCC_WARN_UNDECLARED_SELECTOR = YES;
				GCC_WARN_UNINITIALIZED_AUTOS = YES_AGGRESSIVE;
				GCC_WARN_UNUSED_FUNCTION = YES;
				GCC_WARN_UNUSED_VARIABLE = YES;
				IPHONEOS_DEPLOYMENT_TARGET = 15.0;
				MTL_ENABLE_DEBUG_INFO = NO;
				MTL_FAST_MATH = YES;
				SDKROOT = iphoneos;
				SWIFT_COMPILATION_MODE = wholemodule;
				SWIFT_OPTIMIZATION_LEVEL = "-O";
				VALIDATE_PRODUCT = YES;
			};
			name = Release;
		};
		A69125A127327E8300B279EE /* Debug */ = {
			isa = XCBuildConfiguration;
			baseConfigurationReference = 8AFC3975B498F753ACC30407 /* Pods-iOSShop.debug.xcconfig */;
			buildSettings = {
				ASSETCATALOG_COMPILER_APPICON_NAME = AppIcon;
				ASSETCATALOG_COMPILER_GLOBAL_ACCENT_COLOR_NAME = AccentColor;
				CODE_SIGN_STYLE = Automatic;
				CURRENT_PROJECT_VERSION = 1;
				DEVELOPMENT_TEAM = ZJD5A2P8BC;
				GENERATE_INFOPLIST_FILE = YES;
				INFOPLIST_FILE = iOSShop/Info.plist;
				INFOPLIST_KEY_UIApplicationSupportsIndirectInputEvents = YES;
				INFOPLIST_KEY_UILaunchStoryboardName = LaunchScreen;
				INFOPLIST_KEY_UIMainStoryboardFile = Main;
				INFOPLIST_KEY_UISupportedInterfaceOrientations = UIInterfaceOrientationPortrait;
				INFOPLIST_KEY_UISupportedInterfaceOrientations_iPad = "UIInterfaceOrientationPortrait UIInterfaceOrientationPortraitUpsideDown UIInterfaceOrientationLandscapeLeft UIInterfaceOrientationLandscapeRight";
				INFOPLIST_KEY_UISupportedInterfaceOrientations_iPhone = "UIInterfaceOrientationPortrait UIInterfaceOrientationLandscapeLeft UIInterfaceOrientationLandscapeRight";
				LD_RUNPATH_SEARCH_PATHS = (
					"$(inherited)",
					"@executable_path/Frameworks",
				);
				MARKETING_VERSION = 1.0;
				PRODUCT_BUNDLE_IDENTIFIER = com.adnannmuratovic.iOSShop;
				PRODUCT_NAME = "$(TARGET_NAME)";
				SWIFT_EMIT_LOC_STRINGS = YES;
				SWIFT_VERSION = 5.0;
				TARGETED_DEVICE_FAMILY = "1,2";
			};
			name = Debug;
		};
		A69125A227327E8300B279EE /* Release */ = {
			isa = XCBuildConfiguration;
			baseConfigurationReference = 222F183391584BF857C89B14 /* Pods-iOSShop.release.xcconfig */;
			buildSettings = {
				ASSETCATALOG_COMPILER_APPICON_NAME = AppIcon;
				ASSETCATALOG_COMPILER_GLOBAL_ACCENT_COLOR_NAME = AccentColor;
				CODE_SIGN_STYLE = Automatic;
				CURRENT_PROJECT_VERSION = 1;
				DEVELOPMENT_TEAM = ZJD5A2P8BC;
				GENERATE_INFOPLIST_FILE = YES;
				INFOPLIST_FILE = iOSShop/Info.plist;
				INFOPLIST_KEY_UIApplicationSupportsIndirectInputEvents = YES;
				INFOPLIST_KEY_UILaunchStoryboardName = LaunchScreen;
				INFOPLIST_KEY_UIMainStoryboardFile = Main;
				INFOPLIST_KEY_UISupportedInterfaceOrientations = UIInterfaceOrientationPortrait;
				INFOPLIST_KEY_UISupportedInterfaceOrientations_iPad = "UIInterfaceOrientationPortrait UIInterfaceOrientationPortraitUpsideDown UIInterfaceOrientationLandscapeLeft UIInterfaceOrientationLandscapeRight";
				INFOPLIST_KEY_UISupportedInterfaceOrientations_iPhone = "UIInterfaceOrientationPortrait UIInterfaceOrientationLandscapeLeft UIInterfaceOrientationLandscapeRight";
				LD_RUNPATH_SEARCH_PATHS = (
					"$(inherited)",
					"@executable_path/Frameworks",
				);
				MARKETING_VERSION = 1.0;
				PRODUCT_BUNDLE_IDENTIFIER = com.adnannmuratovic.iOSShop;
				PRODUCT_NAME = "$(TARGET_NAME)";
				SWIFT_EMIT_LOC_STRINGS = YES;
				SWIFT_VERSION = 5.0;
				TARGETED_DEVICE_FAMILY = "1,2";
			};
			name = Release;
		};
		A69125A427327E8300B279EE /* Debug */ = {
			isa = XCBuildConfiguration;
			baseConfigurationReference = C63E228184752DE2A3BFFC0C /* Pods-iOSShopTests.debug.xcconfig */;
			buildSettings = {
				ALWAYS_EMBED_SWIFT_STANDARD_LIBRARIES = YES;
				BUNDLE_LOADER = "$(TEST_HOST)";
				CODE_SIGN_STYLE = Automatic;
				CURRENT_PROJECT_VERSION = 1;
				DEVELOPMENT_TEAM = ZJD5A2P8BC;
				GENERATE_INFOPLIST_FILE = YES;
				IPHONEOS_DEPLOYMENT_TARGET = 15.0;
				LD_RUNPATH_SEARCH_PATHS = (
					"$(inherited)",
					"@executable_path/Frameworks",
					"@loader_path/Frameworks",
				);
				MARKETING_VERSION = 1.0;
				PRODUCT_BUNDLE_IDENTIFIER = com.adnannmuratovic.iOSShopTests;
				PRODUCT_NAME = "$(TARGET_NAME)";
				SWIFT_EMIT_LOC_STRINGS = NO;
				SWIFT_VERSION = 5.0;
				TARGETED_DEVICE_FAMILY = "1,2";
				TEST_HOST = "$(BUILT_PRODUCTS_DIR)/iOSShop.app/iOSShop";
			};
			name = Debug;
		};
		A69125A527327E8300B279EE /* Release */ = {
			isa = XCBuildConfiguration;
			baseConfigurationReference = 4D1DD2044EC36F0576340929 /* Pods-iOSShopTests.release.xcconfig */;
			buildSettings = {
				ALWAYS_EMBED_SWIFT_STANDARD_LIBRARIES = YES;
				BUNDLE_LOADER = "$(TEST_HOST)";
				CODE_SIGN_STYLE = Automatic;
				CURRENT_PROJECT_VERSION = 1;
				DEVELOPMENT_TEAM = ZJD5A2P8BC;
				GENERATE_INFOPLIST_FILE = YES;
				IPHONEOS_DEPLOYMENT_TARGET = 15.0;
				LD_RUNPATH_SEARCH_PATHS = (
					"$(inherited)",
					"@executable_path/Frameworks",
					"@loader_path/Frameworks",
				);
				MARKETING_VERSION = 1.0;
				PRODUCT_BUNDLE_IDENTIFIER = com.adnannmuratovic.iOSShopTests;
				PRODUCT_NAME = "$(TARGET_NAME)";
				SWIFT_EMIT_LOC_STRINGS = NO;
				SWIFT_VERSION = 5.0;
				TARGETED_DEVICE_FAMILY = "1,2";
				TEST_HOST = "$(BUILT_PRODUCTS_DIR)/iOSShop.app/iOSShop";
			};
			name = Release;
		};
		A69125A727327E8300B279EE /* Debug */ = {
			isa = XCBuildConfiguration;
			baseConfigurationReference = 6DDAEC62CEC459E9734F26D5 /* Pods-iOSShop-iOSShopUITests.debug.xcconfig */;
			buildSettings = {
				ALWAYS_EMBED_SWIFT_STANDARD_LIBRARIES = YES;
				CODE_SIGN_STYLE = Automatic;
				CURRENT_PROJECT_VERSION = 1;
				DEVELOPMENT_TEAM = ZJD5A2P8BC;
				GENERATE_INFOPLIST_FILE = YES;
				LD_RUNPATH_SEARCH_PATHS = (
					"$(inherited)",
					"@executable_path/Frameworks",
					"@loader_path/Frameworks",
				);
				MARKETING_VERSION = 1.0;
				PRODUCT_BUNDLE_IDENTIFIER = com.adnannmuratovic.iOSShopUITests;
				PRODUCT_NAME = "$(TARGET_NAME)";
				SWIFT_EMIT_LOC_STRINGS = NO;
				SWIFT_VERSION = 5.0;
				TARGETED_DEVICE_FAMILY = "1,2";
				TEST_TARGET_NAME = iOSShop;
			};
			name = Debug;
		};
		A69125A827327E8300B279EE /* Release */ = {
			isa = XCBuildConfiguration;
			baseConfigurationReference = 53FA4C626F400911EC210F13 /* Pods-iOSShop-iOSShopUITests.release.xcconfig */;
			buildSettings = {
				ALWAYS_EMBED_SWIFT_STANDARD_LIBRARIES = YES;
				CODE_SIGN_STYLE = Automatic;
				CURRENT_PROJECT_VERSION = 1;
				DEVELOPMENT_TEAM = ZJD5A2P8BC;
				GENERATE_INFOPLIST_FILE = YES;
				LD_RUNPATH_SEARCH_PATHS = (
					"$(inherited)",
					"@executable_path/Frameworks",
					"@loader_path/Frameworks",
				);
				MARKETING_VERSION = 1.0;
				PRODUCT_BUNDLE_IDENTIFIER = com.adnannmuratovic.iOSShopUITests;
				PRODUCT_NAME = "$(TARGET_NAME)";
				SWIFT_EMIT_LOC_STRINGS = NO;
				SWIFT_VERSION = 5.0;
				TARGETED_DEVICE_FAMILY = "1,2";
				TEST_TARGET_NAME = iOSShop;
			};
			name = Release;
		};
/* End XCBuildConfiguration section */

/* Begin XCConfigurationList section */
		A691257127327E8100B279EE /* Build configuration list for PBXProject "iOSShop" */ = {
			isa = XCConfigurationList;
			buildConfigurations = (
				A691259E27327E8300B279EE /* Debug */,
				A691259F27327E8300B279EE /* Release */,
			);
			defaultConfigurationIsVisible = 0;
			defaultConfigurationName = Release;
		};
		A69125A027327E8300B279EE /* Build configuration list for PBXNativeTarget "iOSShop" */ = {
			isa = XCConfigurationList;
			buildConfigurations = (
				A69125A127327E8300B279EE /* Debug */,
				A69125A227327E8300B279EE /* Release */,
			);
			defaultConfigurationIsVisible = 0;
			defaultConfigurationName = Release;
		};
		A69125A327327E8300B279EE /* Build configuration list for PBXNativeTarget "iOSShopTests" */ = {
			isa = XCConfigurationList;
			buildConfigurations = (
				A69125A427327E8300B279EE /* Debug */,
				A69125A527327E8300B279EE /* Release */,
			);
			defaultConfigurationIsVisible = 0;
			defaultConfigurationName = Release;
		};
		A69125A627327E8300B279EE /* Build configuration list for PBXNativeTarget "iOSShopUITests" */ = {
			isa = XCConfigurationList;
			buildConfigurations = (
				A69125A727327E8300B279EE /* Debug */,
				A69125A827327E8300B279EE /* Release */,
			);
			defaultConfigurationIsVisible = 0;
			defaultConfigurationName = Release;
		};
/* End XCConfigurationList section */
	};
	rootObject = A691256E27327E8100B279EE /* Project object */;
}
